// !$*UTF8*$!
{
	archiveVersion = 1;
	classes = {
	};
	objectVersion = 56;
	objects = {

/* Begin PBXBuildFile section */
		04DC288A2947730C00BF90BB /* NavStackLabApp.swift in Sources */ = {isa = PBXBuildFile; fileRef = 04DC28892947730C00BF90BB /* NavStackLabApp.swift */; };
		04DC288E2947730D00BF90BB /* Assets.xcassets in Resources */ = {isa = PBXBuildFile; fileRef = 04DC288D2947730D00BF90BB /* Assets.xcassets */; };
		04DC28912947730D00BF90BB /* Preview Assets.xcassets in Resources */ = {isa = PBXBuildFile; fileRef = 04DC28902947730D00BF90BB /* Preview Assets.xcassets */; };
		04DC289B2947730D00BF90BB /* NavStackLabTests.swift in Sources */ = {isa = PBXBuildFile; fileRef = 04DC289A2947730D00BF90BB /* NavStackLabTests.swift */; };
		04DC28A52947730D00BF90BB /* NavStackLabUITests.swift in Sources */ = {isa = PBXBuildFile; fileRef = 04DC28A42947730D00BF90BB /* NavStackLabUITests.swift */; };
		04DC28A72947730D00BF90BB /* NavStackLabUITestsLaunchTests.swift in Sources */ = {isa = PBXBuildFile; fileRef = 04DC28A62947730D00BF90BB /* NavStackLabUITestsLaunchTests.swift */; };
		04DC28B42947738800BF90BB /* RootTabView.swift in Sources */ = {isa = PBXBuildFile; fileRef = 04DC28B32947738800BF90BB /* RootTabView.swift */; };
		04DC28B6294776C700BF90BB /* OneView.swift in Sources */ = {isa = PBXBuildFile; fileRef = 04DC28B5294776C700BF90BB /* OneView.swift */; };
		04DC28B82947771000BF90BB /* TwoView.swift in Sources */ = {isa = PBXBuildFile; fileRef = 04DC28B72947771000BF90BB /* TwoView.swift */; };
		04DC28BA2947771C00BF90BB /* ThreeView.swift in Sources */ = {isa = PBXBuildFile; fileRef = 04DC28B92947771C00BF90BB /* ThreeView.swift */; };
		04DC28BE2947817100BF90BB /* ThreeViewModel.swift in Sources */ = {isa = PBXBuildFile; fileRef = 04DC28BD2947817100BF90BB /* ThreeViewModel.swift */; };
		04DC28C02947831000BF90BB /* Thing.swift in Sources */ = {isa = PBXBuildFile; fileRef = 04DC28BF2947831000BF90BB /* Thing.swift */; };
		04DC28C2294786FE00BF90BB /* ThingView.swift in Sources */ = {isa = PBXBuildFile; fileRef = 04DC28C1294786FE00BF90BB /* ThingView.swift */; };
		04DC28C42947871600BF90BB /* ThingViewModel.swift in Sources */ = {isa = PBXBuildFile; fileRef = 04DC28C32947871600BF90BB /* ThingViewModel.swift */; };
		04DC28C629478ACE00BF90BB /* AppRouter.swift in Sources */ = {isa = PBXBuildFile; fileRef = 04DC28C529478ACE00BF90BB /* AppRouter.swift */; };
		04DC28CA2948981200BF90BB /* RootTabState.swift in Sources */ = {isa = PBXBuildFile; fileRef = 04DC28C92948981200BF90BB /* RootTabState.swift */; };
		04DC28CE2948C75000BF90BB /* AppRoute.swift in Sources */ = {isa = PBXBuildFile; fileRef = 04DC28CD2948C75000BF90BB /* AppRoute.swift */; };
		04DC28D72949C5A800BF90BB /* README.md in Resources */ = {isa = PBXBuildFile; fileRef = 04DC28D62949C5A700BF90BB /* README.md */; };
/* End PBXBuildFile section */

/* Begin PBXContainerItemProxy section */
		04DC28972947730D00BF90BB /* PBXContainerItemProxy */ = {
			isa = PBXContainerItemProxy;
			containerPortal = 04DC287E2947730C00BF90BB /* Project object */;
			proxyType = 1;
			remoteGlobalIDString = 04DC28852947730C00BF90BB;
			remoteInfo = NavStackLab;
		};
		04DC28A12947730D00BF90BB /* PBXContainerItemProxy */ = {
			isa = PBXContainerItemProxy;
			containerPortal = 04DC287E2947730C00BF90BB /* Project object */;
			proxyType = 1;
			remoteGlobalIDString = 04DC28852947730C00BF90BB;
			remoteInfo = NavStackLab;
		};
/* End PBXContainerItemProxy section */

/* Begin PBXFileReference section */
		04DC28862947730C00BF90BB /* NavStackLab.app */ = {isa = PBXFileReference; explicitFileType = wrapper.application; includeInIndex = 0; path = NavStackLab.app; sourceTree = BUILT_PRODUCTS_DIR; };
		04DC28892947730C00BF90BB /* NavStackLabApp.swift */ = {isa = PBXFileReference; lastKnownFileType = sourcecode.swift; path = NavStackLabApp.swift; sourceTree = "<group>"; };
		04DC288D2947730D00BF90BB /* Assets.xcassets */ = {isa = PBXFileReference; lastKnownFileType = folder.assetcatalog; path = Assets.xcassets; sourceTree = "<group>"; };
		04DC28902947730D00BF90BB /* Preview Assets.xcassets */ = {isa = PBXFileReference; lastKnownFileType = folder.assetcatalog; path = "Preview Assets.xcassets"; sourceTree = "<group>"; };
		04DC28962947730D00BF90BB /* NavStackLabTests.xctest */ = {isa = PBXFileReference; explicitFileType = wrapper.cfbundle; includeInIndex = 0; path = NavStackLabTests.xctest; sourceTree = BUILT_PRODUCTS_DIR; };
		04DC289A2947730D00BF90BB /* NavStackLabTests.swift */ = {isa = PBXFileReference; lastKnownFileType = sourcecode.swift; path = NavStackLabTests.swift; sourceTree = "<group>"; };
		04DC28A02947730D00BF90BB /* NavStackLabUITests.xctest */ = {isa = PBXFileReference; explicitFileType = wrapper.cfbundle; includeInIndex = 0; path = NavStackLabUITests.xctest; sourceTree = BUILT_PRODUCTS_DIR; };
		04DC28A42947730D00BF90BB /* NavStackLabUITests.swift */ = {isa = PBXFileReference; lastKnownFileType = sourcecode.swift; path = NavStackLabUITests.swift; sourceTree = "<group>"; };
		04DC28A62947730D00BF90BB /* NavStackLabUITestsLaunchTests.swift */ = {isa = PBXFileReference; lastKnownFileType = sourcecode.swift; path = NavStackLabUITestsLaunchTests.swift; sourceTree = "<group>"; };
		04DC28B32947738800BF90BB /* RootTabView.swift */ = {isa = PBXFileReference; lastKnownFileType = sourcecode.swift; path = RootTabView.swift; sourceTree = "<group>"; };
		04DC28B5294776C700BF90BB /* OneView.swift */ = {isa = PBXFileReference; lastKnownFileType = sourcecode.swift; path = OneView.swift; sourceTree = "<group>"; };
		04DC28B72947771000BF90BB /* TwoView.swift */ = {isa = PBXFileReference; lastKnownFileType = sourcecode.swift; path = TwoView.swift; sourceTree = "<group>"; };
		04DC28B92947771C00BF90BB /* ThreeView.swift */ = {isa = PBXFileReference; lastKnownFileType = sourcecode.swift; path = ThreeView.swift; sourceTree = "<group>"; };
		04DC28BD2947817100BF90BB /* ThreeViewModel.swift */ = {isa = PBXFileReference; lastKnownFileType = sourcecode.swift; path = ThreeViewModel.swift; sourceTree = "<group>"; };
		04DC28BF2947831000BF90BB /* Thing.swift */ = {isa = PBXFileReference; lastKnownFileType = sourcecode.swift; path = Thing.swift; sourceTree = "<group>"; };
		04DC28C1294786FE00BF90BB /* ThingView.swift */ = {isa = PBXFileReference; lastKnownFileType = sourcecode.swift; path = ThingView.swift; sourceTree = "<group>"; };
		04DC28C32947871600BF90BB /* ThingViewModel.swift */ = {isa = PBXFileReference; lastKnownFileType = sourcecode.swift; path = ThingViewModel.swift; sourceTree = "<group>"; };
		04DC28C529478ACE00BF90BB /* AppRouter.swift */ = {isa = PBXFileReference; lastKnownFileType = sourcecode.swift; path = AppRouter.swift; sourceTree = "<group>"; };
		04DC28C92948981200BF90BB /* RootTabState.swift */ = {isa = PBXFileReference; lastKnownFileType = sourcecode.swift; path = RootTabState.swift; sourceTree = "<group>"; };
		04DC28CD2948C75000BF90BB /* AppRoute.swift */ = {isa = PBXFileReference; lastKnownFileType = sourcecode.swift; path = AppRoute.swift; sourceTree = "<group>"; };
		04DC28D62949C5A700BF90BB /* README.md */ = {isa = PBXFileReference; fileEncoding = 4; lastKnownFileType = net.daringfireball.markdown; path = README.md; sourceTree = "<group>"; };
/* End PBXFileReference section */

/* Begin PBXFrameworksBuildPhase section */
		04DC28832947730C00BF90BB /* Frameworks */ = {
			isa = PBXFrameworksBuildPhase;
			buildActionMask = 2147483647;
			files = (
			);
			runOnlyForDeploymentPostprocessing = 0;
		};
		04DC28932947730D00BF90BB /* Frameworks */ = {
			isa = PBXFrameworksBuildPhase;
			buildActionMask = 2147483647;
			files = (
			);
			runOnlyForDeploymentPostprocessing = 0;
		};
		04DC289D2947730D00BF90BB /* Frameworks */ = {
			isa = PBXFrameworksBuildPhase;
			buildActionMask = 2147483647;
			files = (
			);
			runOnlyForDeploymentPostprocessing = 0;
		};
/* End PBXFrameworksBuildPhase section */

/* Begin PBXGroup section */
		04DC287D2947730C00BF90BB = {
			isa = PBXGroup;
			children = (
				04DC28D62949C5A700BF90BB /* README.md */,
				04DC28882947730C00BF90BB /* NavStackLab */,
				04DC28992947730D00BF90BB /* NavStackLabTests */,
				04DC28A32947730D00BF90BB /* NavStackLabUITests */,
				04DC28872947730C00BF90BB /* Products */,
			);
			sourceTree = "<group>";
		};
		04DC28872947730C00BF90BB /* Products */ = {
			isa = PBXGroup;
			children = (
				04DC28862947730C00BF90BB /* NavStackLab.app */,
				04DC28962947730D00BF90BB /* NavStackLabTests.xctest */,
				04DC28A02947730D00BF90BB /* NavStackLabUITests.xctest */,
			);
			name = Products;
			sourceTree = "<group>";
		};
		04DC28882947730C00BF90BB /* NavStackLab */ = {
			isa = PBXGroup;
			children = (
				04DC28892947730C00BF90BB /* NavStackLabApp.swift */,
				04DC28CF2948CED100BF90BB /* Root */,
				04DC28D02948CEEF00BF90BB /* FirstTab */,
				04DC28D12948CF0100BF90BB /* SecondTab */,
				04DC28D22948CF0F00BF90BB /* ThirdTab */,
				04DC28D32948CF1F00BF90BB /* Model */,
				04DC28D42948CF2A00BF90BB /* ThingDetail */,
				04DC28D52948CF4E00BF90BB /* Routing */,
				04DC288D2947730D00BF90BB /* Assets.xcassets */,
				04DC288F2947730D00BF90BB /* Preview Content */,
			);
			path = NavStackLab;
			sourceTree = "<group>";
		};
		04DC288F2947730D00BF90BB /* Preview Content */ = {
			isa = PBXGroup;
			children = (
				04DC28902947730D00BF90BB /* Preview Assets.xcassets */,
			);
			path = "Preview Content";
			sourceTree = "<group>";
		};
		04DC28992947730D00BF90BB /* NavStackLabTests */ = {
			isa = PBXGroup;
			children = (
				04DC289A2947730D00BF90BB /* NavStackLabTests.swift */,
			);
			path = NavStackLabTests;
			sourceTree = "<group>";
		};
		04DC28A32947730D00BF90BB /* NavStackLabUITests */ = {
			isa = PBXGroup;
			children = (
				04DC28A42947730D00BF90BB /* NavStackLabUITests.swift */,
				04DC28A62947730D00BF90BB /* NavStackLabUITestsLaunchTests.swift */,
			);
			path = NavStackLabUITests;
			sourceTree = "<group>";
		};
		04DC28CF2948CED100BF90BB /* Root */ = {
			isa = PBXGroup;
			children = (
				04DC28C92948981200BF90BB /* RootTabState.swift */,
				04DC28B32947738800BF90BB /* RootTabView.swift */,
			);
			path = Root;
			sourceTree = "<group>";
		};
		04DC28D02948CEEF00BF90BB /* FirstTab */ = {
			isa = PBXGroup;
			children = (
				04DC28B5294776C700BF90BB /* OneView.swift */,
			);
			path = FirstTab;
			sourceTree = "<group>";
		};
		04DC28D12948CF0100BF90BB /* SecondTab */ = {
			isa = PBXGroup;
			children = (
				04DC28B72947771000BF90BB /* TwoView.swift */,
			);
			path = SecondTab;
			sourceTree = "<group>";
		};
		04DC28D22948CF0F00BF90BB /* ThirdTab */ = {
			isa = PBXGroup;
			children = (
				04DC28B92947771C00BF90BB /* ThreeView.swift */,
				04DC28BD2947817100BF90BB /* ThreeViewModel.swift */,
			);
			path = ThirdTab;
			sourceTree = "<group>";
		};
		04DC28D32948CF1F00BF90BB /* Model */ = {
			isa = PBXGroup;
			children = (
				04DC28BF2947831000BF90BB /* Thing.swift */,
			);
			path = Model;
			sourceTree = "<group>";
		};
		04DC28D42948CF2A00BF90BB /* ThingDetail */ = {
			isa = PBXGroup;
			children = (
				04DC28C1294786FE00BF90BB /* ThingView.swift */,
				04DC28C32947871600BF90BB /* ThingViewModel.swift */,
			);
			path = ThingDetail;
			sourceTree = "<group>";
		};
		04DC28D52948CF4E00BF90BB /* Routing */ = {
			isa = PBXGroup;
			children = (
				04DC28CD2948C75000BF90BB /* AppRoute.swift */,
				04DC28C529478ACE00BF90BB /* AppRouter.swift */,
			);
			path = Routing;
			sourceTree = "<group>";
		};
/* End PBXGroup section */

/* Begin PBXNativeTarget section */
		04DC28852947730C00BF90BB /* NavStackLab */ = {
			isa = PBXNativeTarget;
			buildConfigurationList = 04DC28AA2947730D00BF90BB /* Build configuration list for PBXNativeTarget "NavStackLab" */;
			buildPhases = (
				04DC28822947730C00BF90BB /* Sources */,
				04DC28832947730C00BF90BB /* Frameworks */,
				04DC28842947730C00BF90BB /* Resources */,
			);
			buildRules = (
			);
			dependencies = (
			);
			name = NavStackLab;
			productName = NavStackLab;
			productReference = 04DC28862947730C00BF90BB /* NavStackLab.app */;
			productType = "com.apple.product-type.application";
		};
		04DC28952947730D00BF90BB /* NavStackLabTests */ = {
			isa = PBXNativeTarget;
			buildConfigurationList = 04DC28AD2947730D00BF90BB /* Build configuration list for PBXNativeTarget "NavStackLabTests" */;
			buildPhases = (
				04DC28922947730D00BF90BB /* Sources */,
				04DC28932947730D00BF90BB /* Frameworks */,
				04DC28942947730D00BF90BB /* Resources */,
			);
			buildRules = (
			);
			dependencies = (
				04DC28982947730D00BF90BB /* PBXTargetDependency */,
			);
			name = NavStackLabTests;
			productName = NavStackLabTests;
			productReference = 04DC28962947730D00BF90BB /* NavStackLabTests.xctest */;
			productType = "com.apple.product-type.bundle.unit-test";
		};
		04DC289F2947730D00BF90BB /* NavStackLabUITests */ = {
			isa = PBXNativeTarget;
			buildConfigurationList = 04DC28B02947730D00BF90BB /* Build configuration list for PBXNativeTarget "NavStackLabUITests" */;
			buildPhases = (
				04DC289C2947730D00BF90BB /* Sources */,
				04DC289D2947730D00BF90BB /* Frameworks */,
				04DC289E2947730D00BF90BB /* Resources */,
			);
			buildRules = (
			);
			dependencies = (
				04DC28A22947730D00BF90BB /* PBXTargetDependency */,
			);
			name = NavStackLabUITests;
			productName = NavStackLabUITests;
			productReference = 04DC28A02947730D00BF90BB /* NavStackLabUITests.xctest */;
			productType = "com.apple.product-type.bundle.ui-testing";
		};
/* End PBXNativeTarget section */

/* Begin PBXProject section */
		04DC287E2947730C00BF90BB /* Project object */ = {
			isa = PBXProject;
			attributes = {
				BuildIndependentTargetsInParallel = 1;
				LastSwiftUpdateCheck = 1410;
				LastUpgradeCheck = 1410;
				TargetAttributes = {
					04DC28852947730C00BF90BB = {
						CreatedOnToolsVersion = 14.1;
					};
					04DC28952947730D00BF90BB = {
						CreatedOnToolsVersion = 14.1;
						TestTargetID = 04DC28852947730C00BF90BB;
					};
					04DC289F2947730D00BF90BB = {
						CreatedOnToolsVersion = 14.1;
						TestTargetID = 04DC28852947730C00BF90BB;
					};
				};
			};
			buildConfigurationList = 04DC28812947730C00BF90BB /* Build configuration list for PBXProject "NavStackLab" */;
			compatibilityVersion = "Xcode 14.0";
			developmentRegion = en;
			hasScannedForEncodings = 0;
			knownRegions = (
				en,
				Base,
			);
			mainGroup = 04DC287D2947730C00BF90BB;
			productRefGroup = 04DC28872947730C00BF90BB /* Products */;
			projectDirPath = "";
			projectRoot = "";
			targets = (
				04DC28852947730C00BF90BB /* NavStackLab */,
				04DC28952947730D00BF90BB /* NavStackLabTests */,
				04DC289F2947730D00BF90BB /* NavStackLabUITests */,
			);
		};
/* End PBXProject section */

/* Begin PBXResourcesBuildPhase section */
		04DC28842947730C00BF90BB /* Resources */ = {
			isa = PBXResourcesBuildPhase;
			buildActionMask = 2147483647;
			files = (
				04DC28D72949C5A800BF90BB /* README.md in Resources */,
				04DC28912947730D00BF90BB /* Preview Assets.xcassets in Resources */,
				04DC288E2947730D00BF90BB /* Assets.xcassets in Resources */,
			);
			runOnlyForDeploymentPostprocessing = 0;
		};
		04DC28942947730D00BF90BB /* Resources */ = {
			isa = PBXResourcesBuildPhase;
			buildActionMask = 2147483647;
			files = (
			);
			runOnlyForDeploymentPostprocessing = 0;
		};
		04DC289E2947730D00BF90BB /* Resources */ = {
			isa = PBXResourcesBuildPhase;
			buildActionMask = 2147483647;
			files = (
			);
			runOnlyForDeploymentPostprocessing = 0;
		};
/* End PBXResourcesBuildPhase section */

/* Begin PBXSourcesBuildPhase section */
		04DC28822947730C00BF90BB /* Sources */ = {
			isa = PBXSourcesBuildPhase;
			buildActionMask = 2147483647;
			files = (
				04DC28B6294776C700BF90BB /* OneView.swift in Sources */,
				04DC28B42947738800BF90BB /* RootTabView.swift in Sources */,
				04DC28C2294786FE00BF90BB /* ThingView.swift in Sources */,
				04DC28BE2947817100BF90BB /* ThreeViewModel.swift in Sources */,
				04DC28CE2948C75000BF90BB /* AppRoute.swift in Sources */,
				04DC28C629478ACE00BF90BB /* AppRouter.swift in Sources */,
				04DC28C02947831000BF90BB /* Thing.swift in Sources */,
				04DC28C42947871600BF90BB /* ThingViewModel.swift in Sources */,
				04DC28BA2947771C00BF90BB /* ThreeView.swift in Sources */,
				04DC288A2947730C00BF90BB /* NavStackLabApp.swift in Sources */,
				04DC28B82947771000BF90BB /* TwoView.swift in Sources */,
				04DC28CA2948981200BF90BB /* RootTabState.swift in Sources */,
			);
			runOnlyForDeploymentPostprocessing = 0;
		};
		04DC28922947730D00BF90BB /* Sources */ = {
			isa = PBXSourcesBuildPhase;
			buildActionMask = 2147483647;
			files = (
				04DC289B2947730D00BF90BB /* NavStackLabTests.swift in Sources */,
			);
			runOnlyForDeploymentPostprocessing = 0;
		};
		04DC289C2947730D00BF90BB /* Sources */ = {
			isa = PBXSourcesBuildPhase;
			buildActionMask = 2147483647;
			files = (
				04DC28A52947730D00BF90BB /* NavStackLabUITests.swift in Sources */,
				04DC28A72947730D00BF90BB /* NavStackLabUITestsLaunchTests.swift in Sources */,
			);
			runOnlyForDeploymentPostprocessing = 0;
		};
/* End PBXSourcesBuildPhase section */

/* Begin PBXTargetDependency section */
		04DC28982947730D00BF90BB /* PBXTargetDependency */ = {
			isa = PBXTargetDependency;
			target = 04DC28852947730C00BF90BB /* NavStackLab */;
			targetProxy = 04DC28972947730D00BF90BB /* PBXContainerItemProxy */;
		};
		04DC28A22947730D00BF90BB /* PBXTargetDependency */ = {
			isa = PBXTargetDependency;
			target = 04DC28852947730C00BF90BB /* NavStackLab */;
			targetProxy = 04DC28A12947730D00BF90BB /* PBXContainerItemProxy */;
		};
/* End PBXTargetDependency section */

/* Begin XCBuildConfiguration section */
		04DC28A82947730D00BF90BB /* Debug */ = {
			isa = XCBuildConfiguration;
			buildSettings = {
				ALWAYS_SEARCH_USER_PATHS = NO;
				CLANG_ANALYZER_NONNULL = YES;
				CLANG_ANALYZER_NUMBER_OBJECT_CONVERSION = YES_AGGRESSIVE;
				CLANG_CXX_LANGUAGE_STANDARD = "gnu++20";
				CLANG_ENABLE_MODULES = YES;
				CLANG_ENABLE_OBJC_ARC = YES;
				CLANG_ENABLE_OBJC_WEAK = YES;
				CLANG_WARN_BLOCK_CAPTURE_AUTORELEASING = YES;
				CLANG_WARN_BOOL_CONVERSION = YES;
				CLANG_WARN_COMMA = YES;
				CLANG_WARN_CONSTANT_CONVERSION = YES;
				CLANG_WARN_DEPRECATED_OBJC_IMPLEMENTATIONS = YES;
				CLANG_WARN_DIRECT_OBJC_ISA_USAGE = YES_ERROR;
				CLANG_WARN_DOCUMENTATION_COMMENTS = YES;
				CLANG_WARN_EMPTY_BODY = YES;
				CLANG_WARN_ENUM_CONVERSION = YES;
				CLANG_WARN_INFINITE_RECURSION = YES;
				CLANG_WARN_INT_CONVERSION = YES;
				CLANG_WARN_NON_LITERAL_NULL_CONVERSION = YES;
				CLANG_WARN_OBJC_IMPLICIT_RETAIN_SELF = YES;
				CLANG_WARN_OBJC_LITERAL_CONVERSION = YES;
				CLANG_WARN_OBJC_ROOT_CLASS = YES_ERROR;
				CLANG_WARN_QUOTED_INCLUDE_IN_FRAMEWORK_HEADER = YES;
				CLANG_WARN_RANGE_LOOP_ANALYSIS = YES;
				CLANG_WARN_STRICT_PROTOTYPES = YES;
				CLANG_WARN_SUSPICIOUS_MOVE = YES;
				CLANG_WARN_UNGUARDED_AVAILABILITY = YES_AGGRESSIVE;
				CLANG_WARN_UNREACHABLE_CODE = YES;
				CLANG_WARN__DUPLICATE_METHOD_MATCH = YES;
				COPY_PHASE_STRIP = NO;
				DEBUG_INFORMATION_FORMAT = dwarf;
				ENABLE_STRICT_OBJC_MSGSEND = YES;
				ENABLE_TESTABILITY = YES;
				GCC_C_LANGUAGE_STANDARD = gnu11;
				GCC_DYNAMIC_NO_PIC = NO;
				GCC_NO_COMMON_BLOCKS = YES;
				GCC_OPTIMIZATION_LEVEL = 0;
				GCC_PREPROCESSOR_DEFINITIONS = (
					"DEBUG=1",
					"$(inherited)",
				);
				GCC_WARN_64_TO_32_BIT_CONVERSION = YES;
				GCC_WARN_ABOUT_RETURN_TYPE = YES_ERROR;
				GCC_WARN_UNDECLARED_SELECTOR = YES;
				GCC_WARN_UNINITIALIZED_AUTOS = YES_AGGRESSIVE;
				GCC_WARN_UNUSED_FUNCTION = YES;
				GCC_WARN_UNUSED_VARIABLE = YES;
				IPHONEOS_DEPLOYMENT_TARGET = 16.1;
				MTL_ENABLE_DEBUG_INFO = INCLUDE_SOURCE;
				MTL_FAST_MATH = YES;
				ONLY_ACTIVE_ARCH = YES;
				SDKROOT = iphoneos;
				SWIFT_ACTIVE_COMPILATION_CONDITIONS = DEBUG;
				SWIFT_OPTIMIZATION_LEVEL = "-Onone";
			};
			name = Debug;
		};
		04DC28A92947730D00BF90BB /* Release */ = {
			isa = XCBuildConfiguration;
			buildSettings = {
				ALWAYS_SEARCH_USER_PATHS = NO;
				CLANG_ANALYZER_NONNULL = YES;
				CLANG_ANALYZER_NUMBER_OBJECT_CONVERSION = YES_AGGRESSIVE;
				CLANG_CXX_LANGUAGE_STANDARD = "gnu++20";
				CLANG_ENABLE_MODULES = YES;
				CLANG_ENABLE_OBJC_ARC = YES;
				CLANG_ENABLE_OBJC_WEAK = YES;
				CLANG_WARN_BLOCK_CAPTURE_AUTORELEASING = YES;
				CLANG_WARN_BOOL_CONVERSION = YES;
				CLANG_WARN_COMMA = YES;
				CLANG_WARN_CONSTANT_CONVERSION = YES;
				CLANG_WARN_DEPRECATED_OBJC_IMPLEMENTATIONS = YES;
				CLANG_WARN_DIRECT_OBJC_ISA_USAGE = YES_ERROR;
				CLANG_WARN_DOCUMENTATION_COMMENTS = YES;
				CLANG_WARN_EMPTY_BODY = YES;
				CLANG_WARN_ENUM_CONVERSION = YES;
				CLANG_WARN_INFINITE_RECURSION = YES;
				CLANG_WARN_INT_CONVERSION = YES;
				CLANG_WARN_NON_LITERAL_NULL_CONVERSION = YES;
				CLANG_WARN_OBJC_IMPLICIT_RETAIN_SELF = YES;
				CLANG_WARN_OBJC_LITERAL_CONVERSION = YES;
				CLANG_WARN_OBJC_ROOT_CLASS = YES_ERROR;
				CLANG_WARN_QUOTED_INCLUDE_IN_FRAMEWORK_HEADER = YES;
				CLANG_WARN_RANGE_LOOP_ANALYSIS = YES;
				CLANG_WARN_STRICT_PROTOTYPES = YES;
				CLANG_WARN_SUSPICIOUS_MOVE = YES;
				CLANG_WARN_UNGUARDED_AVAILABILITY = YES_AGGRESSIVE;
				CLANG_WARN_UNREACHABLE_CODE = YES;
				CLANG_WARN__DUPLICATE_METHOD_MATCH = YES;
				COPY_PHASE_STRIP = NO;
				DEBUG_INFORMATION_FORMAT = "dwarf-with-dsym";
				ENABLE_NS_ASSERTIONS = NO;
				ENABLE_STRICT_OBJC_MSGSEND = YES;
				GCC_C_LANGUAGE_STANDARD = gnu11;
				GCC_NO_COMMON_BLOCKS = YES;
				GCC_WARN_64_TO_32_BIT_CONVERSION = YES;
				GCC_WARN_ABOUT_RETURN_TYPE = YES_ERROR;
				GCC_WARN_UNDECLARED_SELECTOR = YES;
				GCC_WARN_UNINITIALIZED_AUTOS = YES_AGGRESSIVE;
				GCC_WARN_UNUSED_FUNCTION = YES;
				GCC_WARN_UNUSED_VARIABLE = YES;
				IPHONEOS_DEPLOYMENT_TARGET = 16.1;
				MTL_ENABLE_DEBUG_INFO = NO;
				MTL_FAST_MATH = YES;
				SDKROOT = iphoneos;
				SWIFT_COMPILATION_MODE = wholemodule;
				SWIFT_OPTIMIZATION_LEVEL = "-O";
				VALIDATE_PRODUCT = YES;
			};
			name = Release;
		};
		04DC28AB2947730D00BF90BB /* Debug */ = {
			isa = XCBuildConfiguration;
			buildSettings = {
				ASSETCATALOG_COMPILER_APPICON_NAME = AppIcon;
				ASSETCATALOG_COMPILER_GLOBAL_ACCENT_COLOR_NAME = AccentColor;
				CODE_SIGN_STYLE = Automatic;
				CURRENT_PROJECT_VERSION = 1;
				DEVELOPMENT_ASSET_PATHS = "\"NavStackLab/Preview Content\"";
				DEVELOPMENT_TEAM = P4KHK354DV;
				ENABLE_PREVIEWS = YES;
				GENERATE_INFOPLIST_FILE = YES;
				INFOPLIST_KEY_UIApplicationSceneManifest_Generation = YES;
				INFOPLIST_KEY_UIApplicationSupportsIndirectInputEvents = YES;
				INFOPLIST_KEY_UILaunchScreen_Generation = YES;
				INFOPLIST_KEY_UISupportedInterfaceOrientations_iPad = "UIInterfaceOrientationPortrait UIInterfaceOrientationPortraitUpsideDown UIInterfaceOrientationLandscapeLeft UIInterfaceOrientationLandscapeRight";
				INFOPLIST_KEY_UISupportedInterfaceOrientations_iPhone = "UIInterfaceOrientationPortrait UIInterfaceOrientationLandscapeLeft UIInterfaceOrientationLandscapeRight";
				LD_RUNPATH_SEARCH_PATHS = (
					"$(inherited)",
					"@executable_path/Frameworks",
				);
				MARKETING_VERSION = 1.0;
				PRODUCT_BUNDLE_IDENTIFIER = no.shortcut.NavStackLab;
				PRODUCT_NAME = "$(TARGET_NAME)";
				SWIFT_EMIT_LOC_STRINGS = YES;
				SWIFT_VERSION = 5.0;
				TARGETED_DEVICE_FAMILY = "1,2";
			};
			name = Debug;
		};
		04DC28AC2947730D00BF90BB /* Release */ = {
			isa = XCBuildConfiguration;
			buildSettings = {
				ASSETCATALOG_COMPILER_APPICON_NAME = AppIcon;
				ASSETCATALOG_COMPILER_GLOBAL_ACCENT_COLOR_NAME = AccentColor;
				CODE_SIGN_STYLE = Automatic;
				CURRENT_PROJECT_VERSION = 1;
				DEVELOPMENT_ASSET_PATHS = "\"NavStackLab/Preview Content\"";
				DEVELOPMENT_TEAM = P4KHK354DV;
				ENABLE_PREVIEWS = YES;
				GENERATE_INFOPLIST_FILE = YES;
				INFOPLIST_KEY_UIApplicationSceneManifest_Generation = YES;
				INFOPLIST_KEY_UIApplicationSupportsIndirectInputEvents = YES;
				INFOPLIST_KEY_UILaunchScreen_Generation = YES;
				INFOPLIST_KEY_UISupportedInterfaceOrientations_iPad = "UIInterfaceOrientationPortrait UIInterfaceOrientationPortraitUpsideDown UIInterfaceOrientationLandscapeLeft UIInterfaceOrientationLandscapeRight";
				INFOPLIST_KEY_UISupportedInterfaceOrientations_iPhone = "UIInterfaceOrientationPortrait UIInterfaceOrientationLandscapeLeft UIInterfaceOrientationLandscapeRight";
				LD_RUNPATH_SEARCH_PATHS = (
					"$(inherited)",
					"@executable_path/Frameworks",
				);
				MARKETING_VERSION = 1.0;
				PRODUCT_BUNDLE_IDENTIFIER = no.shortcut.NavStackLab;
				PRODUCT_NAME = "$(TARGET_NAME)";
				SWIFT_EMIT_LOC_STRINGS = YES;
				SWIFT_VERSION = 5.0;
				TARGETED_DEVICE_FAMILY = "1,2";
			};
			name = Release;
		};
		04DC28AE2947730D00BF90BB /* Debug */ = {
			isa = XCBuildConfiguration;
			buildSettings = {
				ALWAYS_EMBED_SWIFT_STANDARD_LIBRARIES = YES;
				BUNDLE_LOADER = "$(TEST_HOST)";
				CODE_SIGN_STYLE = Automatic;
				CURRENT_PROJECT_VERSION = 1;
				DEVELOPMENT_TEAM = P4KHK354DV;
				GENERATE_INFOPLIST_FILE = YES;
				IPHONEOS_DEPLOYMENT_TARGET = 16.1;
				MARKETING_VERSION = 1.0;
				PRODUCT_BUNDLE_IDENTIFIER = no.shortcut.NavStackLabTests;
				PRODUCT_NAME = "$(TARGET_NAME)";
				SWIFT_EMIT_LOC_STRINGS = NO;
				SWIFT_VERSION = 5.0;
				TARGETED_DEVICE_FAMILY = "1,2";
				TEST_HOST = "$(BUILT_PRODUCTS_DIR)/NavStackLab.app/$(BUNDLE_EXECUTABLE_FOLDER_PATH)/NavStackLab";
			};
			name = Debug;
		};
		04DC28AF2947730D00BF90BB /* Release */ = {
			isa = XCBuildConfiguration;
			buildSettings = {
				ALWAYS_EMBED_SWIFT_STANDARD_LIBRARIES = YES;
				BUNDLE_LOADER = "$(TEST_HOST)";
				CODE_SIGN_STYLE = Automatic;
				CURRENT_PROJECT_VERSION = 1;
				DEVELOPMENT_TEAM = P4KHK354DV;
				GENERATE_INFOPLIST_FILE = YES;
				IPHONEOS_DEPLOYMENT_TARGET = 16.1;
				MARKETING_VERSION = 1.0;
				PRODUCT_BUNDLE_IDENTIFIER = no.shortcut.NavStackLabTests;
				PRODUCT_NAME = "$(TARGET_NAME)";
				SWIFT_EMIT_LOC_STRINGS = NO;
				SWIFT_VERSION = 5.0;
				TARGETED_DEVICE_FAMILY = "1,2";
				TEST_HOST = "$(BUILT_PRODUCTS_DIR)/NavStackLab.app/$(BUNDLE_EXECUTABLE_FOLDER_PATH)/NavStackLab";
			};
			name = Release;
		};
		04DC28B12947730D00BF90BB /* Debug */ = {
			isa = XCBuildConfiguration;
			buildSettings = {
				ALWAYS_EMBED_SWIFT_STANDARD_LIBRARIES = YES;
				CODE_SIGN_STYLE = Automatic;
				CURRENT_PROJECT_VERSION = 1;
				DEVELOPMENT_TEAM = P4KHK354DV;
				GENERATE_INFOPLIST_FILE = YES;
				MARKETING_VERSION = 1.0;
				PRODUCT_BUNDLE_IDENTIFIER = no.shortcut.NavStackLabUITests;
				PRODUCT_NAME = "$(TARGET_NAME)";
				SWIFT_EMIT_LOC_STRINGS = NO;
				SWIFT_VERSION = 5.0;
				TARGETED_DEVICE_FAMILY = "1,2";
				TEST_TARGET_NAME = NavStackLab;
			};
			name = Debug;
		};
		04DC28B22947730D00BF90BB /* Release */ = {
			isa = XCBuildConfiguration;
			buildSettings = {
				ALWAYS_EMBED_SWIFT_STANDARD_LIBRARIES = YES;
				CODE_SIGN_STYLE = Automatic;
				CURRENT_PROJECT_VERSION = 1;
				DEVELOPMENT_TEAM = P4KHK354DV;
				GENERATE_INFOPLIST_FILE = YES;
				MARKETING_VERSION = 1.0;
				PRODUCT_BUNDLE_IDENTIFIER = no.shortcut.NavStackLabUITests;
				PRODUCT_NAME = "$(TARGET_NAME)";
				SWIFT_EMIT_LOC_STRINGS = NO;
				SWIFT_VERSION = 5.0;
				TARGETED_DEVICE_FAMILY = "1,2";
				TEST_TARGET_NAME = NavStackLab;
			};
			name = Release;
		};
/* End XCBuildConfiguration section */

/* Begin XCConfigurationList section */
		04DC28812947730C00BF90BB /* Build configuration list for PBXProject "NavStackLab" */ = {
			isa = XCConfigurationList;
			buildConfigurations = (
				04DC28A82947730D00BF90BB /* Debug */,
				04DC28A92947730D00BF90BB /* Release */,
			);
			defaultConfigurationIsVisible = 0;
			defaultConfigurationName = Release;
		};
		04DC28AA2947730D00BF90BB /* Build configuration list for PBXNativeTarget "NavStackLab" */ = {
			isa = XCConfigurationList;
			buildConfigurations = (
				04DC28AB2947730D00BF90BB /* Debug */,
				04DC28AC2947730D00BF90BB /* Release */,
			);
			defaultConfigurationIsVisible = 0;
			defaultConfigurationName = Release;
		};
		04DC28AD2947730D00BF90BB /* Build configuration list for PBXNativeTarget "NavStackLabTests" */ = {
			isa = XCConfigurationList;
			buildConfigurations = (
				04DC28AE2947730D00BF90BB /* Debug */,
				04DC28AF2947730D00BF90BB /* Release */,
			);
			defaultConfigurationIsVisible = 0;
			defaultConfigurationName = Release;
		};
		04DC28B02947730D00BF90BB /* Build configuration list for PBXNativeTarget "NavStackLabUITests" */ = {
			isa = XCConfigurationList;
			buildConfigurations = (
				04DC28B12947730D00BF90BB /* Debug */,
				04DC28B22947730D00BF90BB /* Release */,
			);
			defaultConfigurationIsVisible = 0;
			defaultConfigurationName = Release;
		};
/* End XCConfigurationList section */
	};
	rootObject = 04DC287E2947730C00BF90BB /* Project object */;
}
